
Microsoft Visual Studio Solution File, Format Version 12.00
# Visual Studio Version 16
VisualStudioVersion = 16.0.29102.190
MinimumVisualStudioVersion = 10.0.40219.1
Project("{FAE04EC0-301F-11D3-BF4B-00C04F79EFBC}") = "InteriorElevationsGoal2", "InteriorElevationsGoal2\InteriorElevationsGoal2.csproj", "{E2EE78E0-B569-4288-B6EB-C9F6AFB48609}"
EndProject
Project("{FAE04EC0-301F-11D3-BF4B-00C04F79EFBC}") = "InteriorElevationsGoal1", "InteriorElevationsGoal1\InteriorElevationsGoal1.csproj", "{E56C83B6-1300-4EB4-A146-A25D4052B06B}"
EndProject
Project("{FAE04EC0-301F-11D3-BF4B-00C04F79EFBC}") = "Utilities", "Utilities\Utilities.csproj", "{2AA23AE1-CD9C-4F40-90CD-C48AAE8C9DDB}"
EndProject
Global
	GlobalSection(SolutionConfigurationPlatforms) = preSolution
		Debug|Any CPU = Debug|Any CPU
		Release|Any CPU = Release|Any CPU
	EndGlobalSection
	GlobalSection(ProjectConfigurationPlatforms) = postSolution
		{E2EE78E0-B569-4288-B6EB-C9F6AFB48609}.Debug|Any CPU.ActiveCfg = Debug|Any CPU
		{E2EE78E0-B569-4288-B6EB-C9F6AFB48609}.Debug|Any CPU.Build.0 = Debug|Any CPU
		{E2EE78E0-B569-4288-B6EB-C9F6AFB48609}.Release|Any CPU.ActiveCfg = Release|Any CPU
		{E2EE78E0-B569-4288-B6EB-C9F6AFB48609}.Release|Any CPU.Build.0 = Release|Any CPU
		{E56C83B6-1300-4EB4-A146-A25D4052B06B}.Debug|Any CPU.ActiveCfg = Debug|Any CPU
		{E56C83B6-1300-4EB4-A146-A25D4052B06B}.Debug|Any CPU.Build.0 = Debug|Any CPU
		{E56C83B6-1300-4EB4-A146-A25D4052B06B}.Release|Any CPU.ActiveCfg = Release|Any CPU
		{E56C83B6-1300-4EB4-A146-A25D4052B06B}.Release|Any CPU.Build.0 = Release|Any CPU
		{2AA23AE1-CD9C-4F40-90CD-C48AAE8C9DDB}.Debug|Any CPU.ActiveCfg = Debug|Any CPU
		{2AA23AE1-CD9C-4F40-90CD-C48AAE8C9DDB}.Debug|Any CPU.Build.0 = Debug|Any CPU
		{2AA23AE1-CD9C-4F40-90CD-C48AAE8C9DDB}.Release|Any CPU.ActiveCfg = Release|Any CPU
		{2AA23AE1-CD9C-4F40-90CD-C48AAE8C9DDB}.Release|Any CPU.Build.0 = Release|Any CPU
	EndGlobalSection
	GlobalSection(SolutionProperties) = preSolution
		HideSolutionNode = FALSE
	EndGlobalSection
	GlobalSection(ExtensibilityGlobals) = postSolution
		SolutionGuid = {AE5BBD22-B665-4B6D-87D7-ECD3513929DE}
	EndGlobalSection
EndGlobal
